# auto-generated by grc.converter

id: oqpsk_dsss_access_code_prefixer
label: Access Code Prefixer
category: '[OQPSK_DSSS]'

parameters:
-   id: pad
    label: Pad
    dtype: hex
    default: '0x00'
-   id: preamble
    label: Preamble
    dtype: hex
    default: '0x000000a7'

inputs:
-   domain: message
    id: in

outputs:
-   domain: message
    id: out

templates:
    imports: import oqpsk_dsss
    make: oqpsk_dsss.access_code_prefixer(${pad},${preamble})

file_format: 1
